// !$*UTF8*$!
{
	archiveVersion = 1;
	classes = {
	};
	objectVersion = 46;
	objects = {

/* Begin PBXBuildFile section */
		27344174C6ADF5B6AE3D1A01 /* Pods_ConfidantTests.framework in Frameworks */ = {isa = PBXBuildFile; fileRef = 13F1BF27FCE8A73AACE68875 /* Pods_ConfidantTests.framework */; };
		43C8969277AAA61A22050A6B /* Pods_ConfidantUITests.framework in Frameworks */ = {isa = PBXBuildFile; fileRef = DDE7681A0E5642D1948F6EC2 /* Pods_ConfidantUITests.framework */; };
		6110E1821E6F72340005A419 /* LogInVC.swift in Sources */ = {isa = PBXBuildFile; fileRef = 6110E1811E6F72340005A419 /* LogInVC.swift */; };
		611DA8851ED75E3700FBB047 /* UsersLO.swift in Sources */ = {isa = PBXBuildFile; fileRef = 611DA8841ED75E3700FBB047 /* UsersLO.swift */; };
		61203F2E1E83802600E4B257 /* Dashboard.storyboard in Resources */ = {isa = PBXBuildFile; fileRef = 61203F2D1E83802600E4B257 /* Dashboard.storyboard */; };
		61232BBD1E86232B00DC64BC /* Chats.storyboard in Resources */ = {isa = PBXBuildFile; fileRef = 61232BBC1E86232B00DC64BC /* Chats.storyboard */; };
		61232BC01E8625CF00DC64BC /* ChatsNavigationViewController.swift in Sources */ = {isa = PBXBuildFile; fileRef = 61232BBF1E8625CF00DC64BC /* ChatsNavigationViewController.swift */; };
		61232BC21E86267A00DC64BC /* ChatsViewController.swift in Sources */ = {isa = PBXBuildFile; fileRef = 61232BC11E86267A00DC64BC /* ChatsViewController.swift */; };
		6139C8851ED4DE7B00D4BC9B /* URLs.swift in Sources */ = {isa = PBXBuildFile; fileRef = 6139C8841ED4DE7B00D4BC9B /* URLs.swift */; };
		613A8B471E6F1159000DD11D /* UIViewKit.swift in Sources */ = {isa = PBXBuildFile; fileRef = 613A8B461E6F1159000DD11D /* UIViewKit.swift */; };
		61494DFA1E685AB400D4DF13 /* AppDelegate.swift in Sources */ = {isa = PBXBuildFile; fileRef = 61494DF91E685AB400D4DF13 /* AppDelegate.swift */; };
		61494E0F1E685AB400D4DF13 /* ConfidantTests.swift in Sources */ = {isa = PBXBuildFile; fileRef = 61494E0E1E685AB400D4DF13 /* ConfidantTests.swift */; };
		61494E1A1E685AB400D4DF13 /* ConfidantUITests.swift in Sources */ = {isa = PBXBuildFile; fileRef = 61494E191E685AB400D4DF13 /* ConfidantUITests.swift */; };
		6155F2391ECBAF29000445D1 /* ChartColumnView.swift in Sources */ = {isa = PBXBuildFile; fileRef = 6155F2211ECBAF29000445D1 /* ChartColumnView.swift */; };
		6155F23B1ECBAF29000445D1 /* ChartLineView.swift in Sources */ = {isa = PBXBuildFile; fileRef = 6155F2231ECBAF29000445D1 /* ChartLineView.swift */; };
		6155F23F1ECBAF29000445D1 /* DisclosureView.swift in Sources */ = {isa = PBXBuildFile; fileRef = 6155F2271ECBAF29000445D1 /* DisclosureView.swift */; };
		6155F2431ECBAF29000445D1 /* LocalizedBarButton.swift in Sources */ = {isa = PBXBuildFile; fileRef = 6155F22B1ECBAF29000445D1 /* LocalizedBarButton.swift */; };
		6155F2441ECBAF29000445D1 /* LocalizedNavigationBar.swift in Sources */ = {isa = PBXBuildFile; fileRef = 6155F22C1ECBAF29000445D1 /* LocalizedNavigationBar.swift */; };
		6155F2451ECBAF29000445D1 /* LocalizedSegmentedControl.swift in Sources */ = {isa = PBXBuildFile; fileRef = 6155F22D1ECBAF29000445D1 /* LocalizedSegmentedControl.swift */; };
		6155F2461ECBAF29000445D1 /* LocalizedTabBar.swift in Sources */ = {isa = PBXBuildFile; fileRef = 6155F22E1ECBAF29000445D1 /* LocalizedTabBar.swift */; };
		6155F2481ECBAF29000445D1 /* LocalizedWebView.swift in Sources */ = {isa = PBXBuildFile; fileRef = 6155F2301ECBAF29000445D1 /* LocalizedWebView.swift */; };
		6155F24B1ECBAF29000445D1 /* TiledView.swift in Sources */ = {isa = PBXBuildFile; fileRef = 6155F2331ECBAF29000445D1 /* TiledView.swift */; };
		6155F24C1ECBAF29000445D1 /* UIBoxGroup.swift in Sources */ = {isa = PBXBuildFile; fileRef = 6155F2341ECBAF29000445D1 /* UIBoxGroup.swift */; };
		61790EE21E6A0A520095482F /* GOTHAM-BLACK.TTF in Resources */ = {isa = PBXBuildFile; fileRef = 61790EC01E6A0A520095482F /* GOTHAM-BLACK.TTF */; };
		61790EE41E6A0A520095482F /* GOTHAM-BLACKITALIC.TTF in Resources */ = {isa = PBXBuildFile; fileRef = 61790EC21E6A0A520095482F /* GOTHAM-BLACKITALIC.TTF */; };
		61790EE61E6A0A520095482F /* GOTHAM-BOLD_0.OTF in Resources */ = {isa = PBXBuildFile; fileRef = 61790EC41E6A0A520095482F /* GOTHAM-BOLD_0.OTF */; };
		61790EE81E6A0A520095482F /* GOTHAM-BOLD.TTF in Resources */ = {isa = PBXBuildFile; fileRef = 61790EC61E6A0A520095482F /* GOTHAM-BOLD.TTF */; };
		61790EEA1E6A0A520095482F /* GOTHAM-BOLDITALIC.TTF in Resources */ = {isa = PBXBuildFile; fileRef = 61790EC81E6A0A520095482F /* GOTHAM-BOLDITALIC.TTF */; };
		61790EEC1E6A0A520095482F /* GOTHAM-BOOKITALIC_0.OTF in Resources */ = {isa = PBXBuildFile; fileRef = 61790ECA1E6A0A520095482F /* GOTHAM-BOOKITALIC_0.OTF */; };
		61790EEE1E6A0A520095482F /* GOTHAM-LIGHT_0.OTF in Resources */ = {isa = PBXBuildFile; fileRef = 61790ECC1E6A0A520095482F /* GOTHAM-LIGHT_0.OTF */; };
		61790EF01E6A0A520095482F /* GOTHAM-LIGHT.TTF in Resources */ = {isa = PBXBuildFile; fileRef = 61790ECE1E6A0A520095482F /* GOTHAM-LIGHT.TTF */; };
		61790EF21E6A0A520095482F /* GOTHAM-LIGHTITALIC.TTF in Resources */ = {isa = PBXBuildFile; fileRef = 61790ED01E6A0A520095482F /* GOTHAM-LIGHTITALIC.TTF */; };
		61790EF41E6A0A520095482F /* GOTHAM-MEDIUM.TTF in Resources */ = {isa = PBXBuildFile; fileRef = 61790ED21E6A0A520095482F /* GOTHAM-MEDIUM.TTF */; };
		61790EF61E6A0A520095482F /* GOTHAM-MEDIUMITALIC.TTF in Resources */ = {isa = PBXBuildFile; fileRef = 61790ED41E6A0A520095482F /* GOTHAM-MEDIUMITALIC.TTF */; };
		61790EF81E6A0A520095482F /* GOTHAM-THIN.TTF in Resources */ = {isa = PBXBuildFile; fileRef = 61790ED61E6A0A520095482F /* GOTHAM-THIN.TTF */; };
		61790EFA1E6A0A520095482F /* GOTHAM-THINITALIC.TTF in Resources */ = {isa = PBXBuildFile; fileRef = 61790ED81E6A0A520095482F /* GOTHAM-THINITALIC.TTF */; };
		61790EFC1E6A0A520095482F /* GOTHAM-ULTRA.TTF in Resources */ = {isa = PBXBuildFile; fileRef = 61790EDA1E6A0A520095482F /* GOTHAM-ULTRA.TTF */; };
		61790EFE1E6A0A520095482F /* GOTHAM-ULTRAITALIC.TTF in Resources */ = {isa = PBXBuildFile; fileRef = 61790EDC1E6A0A520095482F /* GOTHAM-ULTRAITALIC.TTF */; };
		61790F001E6A0A520095482F /* GOTHAM-XLIGHT.TTF in Resources */ = {isa = PBXBuildFile; fileRef = 61790EDE1E6A0A520095482F /* GOTHAM-XLIGHT.TTF */; };
		61790F021E6A0A520095482F /* GOTHAM-XLIGHTITALIC.TTF in Resources */ = {isa = PBXBuildFile; fileRef = 61790EE01E6A0A520095482F /* GOTHAM-XLIGHTITALIC.TTF */; };
		61A2BFE31E686DD900414A4C /* LaunchScreen.storyboard in Resources */ = {isa = PBXBuildFile; fileRef = 61A2BFE11E686DD900414A4C /* LaunchScreen.storyboard */; };
		61A2BFE41E686DD900414A4C /* Login.storyboard in Resources */ = {isa = PBXBuildFile; fileRef = 61A2BFE21E686DD900414A4C /* Login.storyboard */; };
		61A35AF51E7DCB1F0010A01D /* UserBO.swift in Sources */ = {isa = PBXBuildFile; fileRef = 61A35AF41E7DCB1F0010A01D /* UserBO.swift */; };
		61BE69461ED3409F0036EDBB /* ProfileBO.swift in Sources */ = {isa = PBXBuildFile; fileRef = 61BE69451ED3409F0036EDBB /* ProfileBO.swift */; };
		61BE69481ED3413E0036EDBB /* ModelBO.swift in Sources */ = {isa = PBXBuildFile; fileRef = 61BE69471ED3413E0036EDBB /* ModelBO.swift */; };
		61CC4EC71E80DE6A00ED4DB6 /* Assets.xcassets in Resources */ = {isa = PBXBuildFile; fileRef = 61CC4EC61E80DE6A00ED4DB6 /* Assets.xcassets */; };
		61CDB4371E87038E00E792F6 /* UITextFieldKit.swift in Sources */ = {isa = PBXBuildFile; fileRef = 61CDB4361E87038E00E792F6 /* UITextFieldKit.swift */; };
		61F127891EA6FFA200F14A17 /* Localizable.strings in Resources */ = {isa = PBXBuildFile; fileRef = 61F1278B1EA6FFA200F14A17 /* Localizable.strings */; };
		61F127981EA7015F00F14A17 /* Alerts.swift in Sources */ = {isa = PBXBuildFile; fileRef = 61F1278D1EA7015E00F14A17 /* Alerts.swift */; };
		61F1279B1EA7015F00F14A17 /* DateKit.swift in Sources */ = {isa = PBXBuildFile; fileRef = 61F127901EA7015E00F14A17 /* DateKit.swift */; };
		61F1279C1EA7015F00F14A17 /* KeyboardAdjuster.swift in Sources */ = {isa = PBXBuildFile; fileRef = 61F127911EA7015E00F14A17 /* KeyboardAdjuster.swift */; };
		61F1279D1EA7015F00F14A17 /* KeyboardToolbar.swift in Sources */ = {isa = PBXBuildFile; fileRef = 61F127921EA7015E00F14A17 /* KeyboardToolbar.swift */; };
		61F1279E1EA7015F00F14A17 /* LinkedChain.swift in Sources */ = {isa = PBXBuildFile; fileRef = 61F127931EA7015E00F14A17 /* LinkedChain.swift */; };
		61F1279F1EA7015F00F14A17 /* Localized.swift in Sources */ = {isa = PBXBuildFile; fileRef = 61F127941EA7015E00F14A17 /* Localized.swift */; };
		61F127A01EA7015F00F14A17 /* MathKit.swift in Sources */ = {isa = PBXBuildFile; fileRef = 61F127951EA7015E00F14A17 /* MathKit.swift */; };
		61F127A11EA7015F00F14A17 /* StyleKit.swift in Sources */ = {isa = PBXBuildFile; fileRef = 61F127961EA7015E00F14A17 /* StyleKit.swift */; };
		61F127A21EA7015F00F14A17 /* XIBDesignable.swift in Sources */ = {isa = PBXBuildFile; fileRef = 61F127971EA7015F00F14A17 /* XIBDesignable.swift */; };
		61F127B11EA7034D00F14A17 /* BlurredView.swift in Sources */ = {isa = PBXBuildFile; fileRef = 61F127A31EA7034D00F14A17 /* BlurredView.swift */; };
		61F127B21EA7034D00F14A17 /* CircularImage.swift in Sources */ = {isa = PBXBuildFile; fileRef = 61F127A41EA7034D00F14A17 /* CircularImage.swift */; };
		61F127B31EA7034D00F14A17 /* IBDesignableClass.swift in Sources */ = {isa = PBXBuildFile; fileRef = 61F127A51EA7034D00F14A17 /* IBDesignableClass.swift */; };
		61F127B41EA7034D00F14A17 /* LinedView.swift in Sources */ = {isa = PBXBuildFile; fileRef = 61F127A61EA7034D00F14A17 /* LinedView.swift */; };
		61F127B51EA7034D00F14A17 /* Loading.swift in Sources */ = {isa = PBXBuildFile; fileRef = 61F127A71EA7034D00F14A17 /* Loading.swift */; };
		61F127B61EA7034D00F14A17 /* LocalizedBarButtonItem.swift in Sources */ = {isa = PBXBuildFile; fileRef = 61F127A81EA7034D00F14A17 /* LocalizedBarButtonItem.swift */; };
		61F127B71EA7034D00F14A17 /* LocalizedButton.swift in Sources */ = {isa = PBXBuildFile; fileRef = 61F127A91EA7034D00F14A17 /* LocalizedButton.swift */; };
		61F127B81EA7034D00F14A17 /* LocalizedLabel.swift in Sources */ = {isa = PBXBuildFile; fileRef = 61F127AA1EA7034D00F14A17 /* LocalizedLabel.swift */; };
		61F127B91EA7034D00F14A17 /* LocalizedNavigationItem.swift in Sources */ = {isa = PBXBuildFile; fileRef = 61F127AB1EA7034D00F14A17 /* LocalizedNavigationItem.swift */; };
		61F127BA1EA7034D00F14A17 /* LocalizedSearchBar.swift in Sources */ = {isa = PBXBuildFile; fileRef = 61F127AC1EA7034D00F14A17 /* LocalizedSearchBar.swift */; };
		61F127BB1EA7034D00F14A17 /* LocalizedTextField.swift in Sources */ = {isa = PBXBuildFile; fileRef = 61F127AD1EA7034D00F14A17 /* LocalizedTextField.swift */; };
		61F127BC1EA7034D00F14A17 /* SlicedImage.swift in Sources */ = {isa = PBXBuildFile; fileRef = 61F127AE1EA7034D00F14A17 /* SlicedImage.swift */; };
		61F127BD1EA7034D00F14A17 /* UIBox.swift in Sources */ = {isa = PBXBuildFile; fileRef = 61F127AF1EA7034D00F14A17 /* UIBox.swift */; };
		61F127BE1EA7034D00F14A17 /* VerticalButton.swift in Sources */ = {isa = PBXBuildFile; fileRef = 61F127B01EA7034D00F14A17 /* VerticalButton.swift */; };
		61F570991E7DAC5E00712518 /* ServerRequest.swift in Sources */ = {isa = PBXBuildFile; fileRef = 61F570981E7DAC5E00712518 /* ServerRequest.swift */; };
		61F5CE8C1E68FA1C001261C1 /* WelcomeVC.swift in Sources */ = {isa = PBXBuildFile; fileRef = 61F5CE8B1E68FA1C001261C1 /* WelcomeVC.swift */; };
		61F6D2711E733DC800754866 /* SignUpVC.swift in Sources */ = {isa = PBXBuildFile; fileRef = 61F6D2701E733DC800754866 /* SignUpVC.swift */; };
		E0F388420E06AA61419C133E /* Pods_Confidant.framework in Frameworks */ = {isa = PBXBuildFile; fileRef = 27B67E8565E112D76FD90CD5 /* Pods_Confidant.framework */; };
/* End PBXBuildFile section */

/* Begin PBXContainerItemProxy section */
		61494E0B1E685AB400D4DF13 /* PBXContainerItemProxy */ = {
			isa = PBXContainerItemProxy;
			containerPortal = 61494DEE1E685AB400D4DF13 /* Project object */;
			proxyType = 1;
			remoteGlobalIDString = 61494DF51E685AB400D4DF13;
			remoteInfo = Confidant;
		};
		61494E161E685AB400D4DF13 /* PBXContainerItemProxy */ = {
			isa = PBXContainerItemProxy;
			containerPortal = 61494DEE1E685AB400D4DF13 /* Project object */;
			proxyType = 1;
			remoteGlobalIDString = 61494DF51E685AB400D4DF13;
			remoteInfo = Confidant;
		};
/* End PBXContainerItemProxy section */

/* Begin PBXFileReference section */
		138CC0511504C8DA07BBB93D /* Pods-ConfidantTests.debug.xcconfig */ = {isa = PBXFileReference; includeInIndex = 1; lastKnownFileType = text.xcconfig; name = "Pods-ConfidantTests.debug.xcconfig"; path = "Pods/Target Support Files/Pods-ConfidantTests/Pods-ConfidantTests.debug.xcconfig"; sourceTree = "<group>"; };
		13F1BF27FCE8A73AACE68875 /* Pods_ConfidantTests.framework */ = {isa = PBXFileReference; explicitFileType = wrapper.framework; includeInIndex = 0; path = Pods_ConfidantTests.framework; sourceTree = BUILT_PRODUCTS_DIR; };
		27B67E8565E112D76FD90CD5 /* Pods_Confidant.framework */ = {isa = PBXFileReference; explicitFileType = wrapper.framework; includeInIndex = 0; path = Pods_Confidant.framework; sourceTree = BUILT_PRODUCTS_DIR; };
		4EC6EC8C6591F91A0F743E65 /* Pods-Confidant.release.xcconfig */ = {isa = PBXFileReference; includeInIndex = 1; lastKnownFileType = text.xcconfig; name = "Pods-Confidant.release.xcconfig"; path = "Pods/Target Support Files/Pods-Confidant/Pods-Confidant.release.xcconfig"; sourceTree = "<group>"; };
		6110E1811E6F72340005A419 /* LogInVC.swift */ = {isa = PBXFileReference; fileEncoding = 4; lastKnownFileType = sourcecode.swift; path = LogInVC.swift; sourceTree = "<group>"; };
		611DA8841ED75E3700FBB047 /* UsersLO.swift */ = {isa = PBXFileReference; fileEncoding = 4; lastKnownFileType = sourcecode.swift; path = UsersLO.swift; sourceTree = "<group>"; };
		61203F2D1E83802600E4B257 /* Dashboard.storyboard */ = {isa = PBXFileReference; fileEncoding = 4; lastKnownFileType = file.storyboard; path = Dashboard.storyboard; sourceTree = "<group>"; };
		61232BBC1E86232B00DC64BC /* Chats.storyboard */ = {isa = PBXFileReference; fileEncoding = 4; lastKnownFileType = file.storyboard; path = Chats.storyboard; sourceTree = "<group>"; };
		61232BBF1E8625CF00DC64BC /* ChatsNavigationViewController.swift */ = {isa = PBXFileReference; fileEncoding = 4; lastKnownFileType = sourcecode.swift; path = ChatsNavigationViewController.swift; sourceTree = "<group>"; };
		61232BC11E86267A00DC64BC /* ChatsViewController.swift */ = {isa = PBXFileReference; fileEncoding = 4; lastKnownFileType = sourcecode.swift; path = ChatsViewController.swift; sourceTree = "<group>"; };
		6139C8841ED4DE7B00D4BC9B /* URLs.swift */ = {isa = PBXFileReference; fileEncoding = 4; lastKnownFileType = sourcecode.swift; path = URLs.swift; sourceTree = "<group>"; };
		613A8B461E6F1159000DD11D /* UIViewKit.swift */ = {isa = PBXFileReference; fileEncoding = 4; lastKnownFileType = sourcecode.swift; path = UIViewKit.swift; sourceTree = "<group>"; };
		61494DF61E685AB400D4DF13 /* Confidant.app */ = {isa = PBXFileReference; explicitFileType = wrapper.application; includeInIndex = 0; path = Confidant.app; sourceTree = BUILT_PRODUCTS_DIR; };
		61494DF91E685AB400D4DF13 /* AppDelegate.swift */ = {isa = PBXFileReference; lastKnownFileType = sourcecode.swift; path = AppDelegate.swift; sourceTree = "<group>"; };
		61494E051E685AB400D4DF13 /* Info.plist */ = {isa = PBXFileReference; lastKnownFileType = text.plist.xml; path = Info.plist; sourceTree = "<group>"; };
		61494E0A1E685AB400D4DF13 /* ConfidantTests.xctest */ = {isa = PBXFileReference; explicitFileType = wrapper.cfbundle; includeInIndex = 0; path = ConfidantTests.xctest; sourceTree = BUILT_PRODUCTS_DIR; };
		61494E0E1E685AB400D4DF13 /* ConfidantTests.swift */ = {isa = PBXFileReference; lastKnownFileType = sourcecode.swift; path = ConfidantTests.swift; sourceTree = "<group>"; };
		61494E101E685AB400D4DF13 /* Info.plist */ = {isa = PBXFileReference; lastKnownFileType = text.plist.xml; path = Info.plist; sourceTree = "<group>"; };
		61494E151E685AB400D4DF13 /* ConfidantUITests.xctest */ = {isa = PBXFileReference; explicitFileType = wrapper.cfbundle; includeInIndex = 0; path = ConfidantUITests.xctest; sourceTree = BUILT_PRODUCTS_DIR; };
		61494E191E685AB400D4DF13 /* ConfidantUITests.swift */ = {isa = PBXFileReference; lastKnownFileType = sourcecode.swift; path = ConfidantUITests.swift; sourceTree = "<group>"; };
		61494E1B1E685AB400D4DF13 /* Info.plist */ = {isa = PBXFileReference; lastKnownFileType = text.plist.xml; path = Info.plist; sourceTree = "<group>"; };
		6155F2211ECBAF29000445D1 /* ChartColumnView.swift */ = {isa = PBXFileReference; fileEncoding = 4; lastKnownFileType = sourcecode.swift; path = ChartColumnView.swift; sourceTree = "<group>"; };
		6155F2231ECBAF29000445D1 /* ChartLineView.swift */ = {isa = PBXFileReference; fileEncoding = 4; lastKnownFileType = sourcecode.swift; path = ChartLineView.swift; sourceTree = "<group>"; };
		6155F2271ECBAF29000445D1 /* DisclosureView.swift */ = {isa = PBXFileReference; fileEncoding = 4; lastKnownFileType = sourcecode.swift; lineEnding = 0; path = DisclosureView.swift; sourceTree = "<group>"; xcLanguageSpecificationIdentifier = xcode.lang.swift; };
		6155F22B1ECBAF29000445D1 /* LocalizedBarButton.swift */ = {isa = PBXFileReference; fileEncoding = 4; lastKnownFileType = sourcecode.swift; path = LocalizedBarButton.swift; sourceTree = "<group>"; };
		6155F22C1ECBAF29000445D1 /* LocalizedNavigationBar.swift */ = {isa = PBXFileReference; fileEncoding = 4; lastKnownFileType = sourcecode.swift; path = LocalizedNavigationBar.swift; sourceTree = "<group>"; };
		6155F22D1ECBAF29000445D1 /* LocalizedSegmentedControl.swift */ = {isa = PBXFileReference; fileEncoding = 4; lastKnownFileType = sourcecode.swift; lineEnding = 0; path = LocalizedSegmentedControl.swift; sourceTree = "<group>"; xcLanguageSpecificationIdentifier = xcode.lang.swift; };
		6155F22E1ECBAF29000445D1 /* LocalizedTabBar.swift */ = {isa = PBXFileReference; fileEncoding = 4; lastKnownFileType = sourcecode.swift; lineEnding = 0; path = LocalizedTabBar.swift; sourceTree = "<group>"; xcLanguageSpecificationIdentifier = xcode.lang.swift; };
		6155F2301ECBAF29000445D1 /* LocalizedWebView.swift */ = {isa = PBXFileReference; fileEncoding = 4; lastKnownFileType = sourcecode.swift; path = LocalizedWebView.swift; sourceTree = "<group>"; };
		6155F2331ECBAF29000445D1 /* TiledView.swift */ = {isa = PBXFileReference; fileEncoding = 4; lastKnownFileType = sourcecode.swift; path = TiledView.swift; sourceTree = "<group>"; };
		6155F2341ECBAF29000445D1 /* UIBoxGroup.swift */ = {isa = PBXFileReference; fileEncoding = 4; lastKnownFileType = sourcecode.swift; path = UIBoxGroup.swift; sourceTree = "<group>"; };
		61790EC01E6A0A520095482F /* GOTHAM-BLACK.TTF */ = {isa = PBXFileReference; lastKnownFileType = file; path = "GOTHAM-BLACK.TTF"; sourceTree = "<group>"; };
		61790EC21E6A0A520095482F /* GOTHAM-BLACKITALIC.TTF */ = {isa = PBXFileReference; lastKnownFileType = file; path = "GOTHAM-BLACKITALIC.TTF"; sourceTree = "<group>"; };
		61790EC41E6A0A520095482F /* GOTHAM-BOLD_0.OTF */ = {isa = PBXFileReference; lastKnownFileType = file; path = "GOTHAM-BOLD_0.OTF"; sourceTree = "<group>"; };
		61790EC61E6A0A520095482F /* GOTHAM-BOLD.TTF */ = {isa = PBXFileReference; lastKnownFileType = file; path = "GOTHAM-BOLD.TTF"; sourceTree = "<group>"; };
		61790EC81E6A0A520095482F /* GOTHAM-BOLDITALIC.TTF */ = {isa = PBXFileReference; lastKnownFileType = file; path = "GOTHAM-BOLDITALIC.TTF"; sourceTree = "<group>"; };
		61790ECA1E6A0A520095482F /* GOTHAM-BOOKITALIC_0.OTF */ = {isa = PBXFileReference; lastKnownFileType = file; path = "GOTHAM-BOOKITALIC_0.OTF"; sourceTree = "<group>"; };
		61790ECC1E6A0A520095482F /* GOTHAM-LIGHT_0.OTF */ = {isa = PBXFileReference; lastKnownFileType = file; path = "GOTHAM-LIGHT_0.OTF"; sourceTree = "<group>"; };
		61790ECE1E6A0A520095482F /* GOTHAM-LIGHT.TTF */ = {isa = PBXFileReference; lastKnownFileType = file; path = "GOTHAM-LIGHT.TTF"; sourceTree = "<group>"; };
		61790ED01E6A0A520095482F /* GOTHAM-LIGHTITALIC.TTF */ = {isa = PBXFileReference; lastKnownFileType = file; path = "GOTHAM-LIGHTITALIC.TTF"; sourceTree = "<group>"; };
		61790ED21E6A0A520095482F /* GOTHAM-MEDIUM.TTF */ = {isa = PBXFileReference; lastKnownFileType = file; path = "GOTHAM-MEDIUM.TTF"; sourceTree = "<group>"; };
		61790ED41E6A0A520095482F /* GOTHAM-MEDIUMITALIC.TTF */ = {isa = PBXFileReference; lastKnownFileType = file; path = "GOTHAM-MEDIUMITALIC.TTF"; sourceTree = "<group>"; };
		61790ED61E6A0A520095482F /* GOTHAM-THIN.TTF */ = {isa = PBXFileReference; lastKnownFileType = file; path = "GOTHAM-THIN.TTF"; sourceTree = "<group>"; };
		61790ED81E6A0A520095482F /* GOTHAM-THINITALIC.TTF */ = {isa = PBXFileReference; lastKnownFileType = file; path = "GOTHAM-THINITALIC.TTF"; sourceTree = "<group>"; };
		61790EDA1E6A0A520095482F /* GOTHAM-ULTRA.TTF */ = {isa = PBXFileReference; lastKnownFileType = file; path = "GOTHAM-ULTRA.TTF"; sourceTree = "<group>"; };
		61790EDC1E6A0A520095482F /* GOTHAM-ULTRAITALIC.TTF */ = {isa = PBXFileReference; lastKnownFileType = file; path = "GOTHAM-ULTRAITALIC.TTF"; sourceTree = "<group>"; };
		61790EDE1E6A0A520095482F /* GOTHAM-XLIGHT.TTF */ = {isa = PBXFileReference; lastKnownFileType = file; path = "GOTHAM-XLIGHT.TTF"; sourceTree = "<group>"; };
		61790EE01E6A0A520095482F /* GOTHAM-XLIGHTITALIC.TTF */ = {isa = PBXFileReference; lastKnownFileType = file; path = "GOTHAM-XLIGHTITALIC.TTF"; sourceTree = "<group>"; };
		61A2BFE11E686DD900414A4C /* LaunchScreen.storyboard */ = {isa = PBXFileReference; fileEncoding = 4; lastKnownFileType = file.storyboard; path = LaunchScreen.storyboard; sourceTree = "<group>"; };
		61A2BFE21E686DD900414A4C /* Login.storyboard */ = {isa = PBXFileReference; fileEncoding = 4; lastKnownFileType = file.storyboard; path = Login.storyboard; sourceTree = "<group>"; };
		61A35AF41E7DCB1F0010A01D /* UserBO.swift */ = {isa = PBXFileReference; fileEncoding = 4; lastKnownFileType = sourcecode.swift; path = UserBO.swift; sourceTree = "<group>"; };
		61BE69451ED3409F0036EDBB /* ProfileBO.swift */ = {isa = PBXFileReference; fileEncoding = 4; lastKnownFileType = sourcecode.swift; name = ProfileBO.swift; path = Confidant/Sources/Data/Models/Profile/ProfileBO.swift; sourceTree = SOURCE_ROOT; };
		61BE69471ED3413E0036EDBB /* ModelBO.swift */ = {isa = PBXFileReference; fileEncoding = 4; lastKnownFileType = sourcecode.swift; path = ModelBO.swift; sourceTree = "<group>"; };
		61CC4EC61E80DE6A00ED4DB6 /* Assets.xcassets */ = {isa = PBXFileReference; lastKnownFileType = folder.assetcatalog; path = Assets.xcassets; sourceTree = "<group>"; };
		61CDB4361E87038E00E792F6 /* UITextFieldKit.swift */ = {isa = PBXFileReference; fileEncoding = 4; lastKnownFileType = sourcecode.swift; path = UITextFieldKit.swift; sourceTree = "<group>"; };
		61F1278A1EA6FFA200F14A17 /* en */ = {isa = PBXFileReference; lastKnownFileType = text.plist.strings; name = en; path = en.lproj/Localizable.strings; sourceTree = "<group>"; };
		61F1278C1EA6FFE600F14A17 /* pt-BR */ = {isa = PBXFileReference; lastKnownFileType = text.plist.strings; name = "pt-BR"; path = "pt-BR.lproj/Localizable.strings"; sourceTree = "<group>"; };
		61F1278D1EA7015E00F14A17 /* Alerts.swift */ = {isa = PBXFileReference; fileEncoding = 4; lastKnownFileType = sourcecode.swift; path = Alerts.swift; sourceTree = "<group>"; };
		61F127901EA7015E00F14A17 /* DateKit.swift */ = {isa = PBXFileReference; fileEncoding = 4; lastKnownFileType = sourcecode.swift; path = DateKit.swift; sourceTree = "<group>"; };
		61F127911EA7015E00F14A17 /* KeyboardAdjuster.swift */ = {isa = PBXFileReference; fileEncoding = 4; lastKnownFileType = sourcecode.swift; path = KeyboardAdjuster.swift; sourceTree = "<group>"; };
		61F127921EA7015E00F14A17 /* KeyboardToolbar.swift */ = {isa = PBXFileReference; fileEncoding = 4; lastKnownFileType = sourcecode.swift; lineEnding = 0; path = KeyboardToolbar.swift; sourceTree = "<group>"; xcLanguageSpecificationIdentifier = xcode.lang.swift; };
		61F127931EA7015E00F14A17 /* LinkedChain.swift */ = {isa = PBXFileReference; fileEncoding = 4; lastKnownFileType = sourcecode.swift; path = LinkedChain.swift; sourceTree = "<group>"; };
		61F127941EA7015E00F14A17 /* Localized.swift */ = {isa = PBXFileReference; fileEncoding = 4; lastKnownFileType = sourcecode.swift; lineEnding = 0; path = Localized.swift; sourceTree = "<group>"; xcLanguageSpecificationIdentifier = xcode.lang.swift; };
		61F127951EA7015E00F14A17 /* MathKit.swift */ = {isa = PBXFileReference; fileEncoding = 4; lastKnownFileType = sourcecode.swift; path = MathKit.swift; sourceTree = "<group>"; };
		61F127961EA7015E00F14A17 /* StyleKit.swift */ = {isa = PBXFileReference; fileEncoding = 4; lastKnownFileType = sourcecode.swift; path = StyleKit.swift; sourceTree = "<group>"; };
		61F127971EA7015F00F14A17 /* XIBDesignable.swift */ = {isa = PBXFileReference; fileEncoding = 4; lastKnownFileType = sourcecode.swift; path = XIBDesignable.swift; sourceTree = "<group>"; };
		61F127A31EA7034D00F14A17 /* BlurredView.swift */ = {isa = PBXFileReference; fileEncoding = 4; lastKnownFileType = sourcecode.swift; path = BlurredView.swift; sourceTree = "<group>"; };
		61F127A41EA7034D00F14A17 /* CircularImage.swift */ = {isa = PBXFileReference; fileEncoding = 4; lastKnownFileType = sourcecode.swift; lineEnding = 0; path = CircularImage.swift; sourceTree = "<group>"; xcLanguageSpecificationIdentifier = xcode.lang.swift; };
		61F127A51EA7034D00F14A17 /* IBDesignableClass.swift */ = {isa = PBXFileReference; fileEncoding = 4; lastKnownFileType = sourcecode.swift; path = IBDesignableClass.swift; sourceTree = "<group>"; };
		61F127A61EA7034D00F14A17 /* LinedView.swift */ = {isa = PBXFileReference; fileEncoding = 4; lastKnownFileType = sourcecode.swift; path = LinedView.swift; sourceTree = "<group>"; };
		61F127A71EA7034D00F14A17 /* Loading.swift */ = {isa = PBXFileReference; fileEncoding = 4; lastKnownFileType = sourcecode.swift; path = Loading.swift; sourceTree = "<group>"; };
		61F127A81EA7034D00F14A17 /* LocalizedBarButtonItem.swift */ = {isa = PBXFileReference; fileEncoding = 4; lastKnownFileType = sourcecode.swift; path = LocalizedBarButtonItem.swift; sourceTree = "<group>"; };
		61F127A91EA7034D00F14A17 /* LocalizedButton.swift */ = {isa = PBXFileReference; fileEncoding = 4; lastKnownFileType = sourcecode.swift; path = LocalizedButton.swift; sourceTree = "<group>"; };
		61F127AA1EA7034D00F14A17 /* LocalizedLabel.swift */ = {isa = PBXFileReference; fileEncoding = 4; lastKnownFileType = sourcecode.swift; path = LocalizedLabel.swift; sourceTree = "<group>"; };
		61F127AB1EA7034D00F14A17 /* LocalizedNavigationItem.swift */ = {isa = PBXFileReference; fileEncoding = 4; lastKnownFileType = sourcecode.swift; lineEnding = 0; path = LocalizedNavigationItem.swift; sourceTree = "<group>"; xcLanguageSpecificationIdentifier = xcode.lang.swift; };
		61F127AC1EA7034D00F14A17 /* LocalizedSearchBar.swift */ = {isa = PBXFileReference; fileEncoding = 4; lastKnownFileType = sourcecode.swift; lineEnding = 0; path = LocalizedSearchBar.swift; sourceTree = "<group>"; xcLanguageSpecificationIdentifier = xcode.lang.swift; };
		61F127AD1EA7034D00F14A17 /* LocalizedTextField.swift */ = {isa = PBXFileReference; fileEncoding = 4; lastKnownFileType = sourcecode.swift; lineEnding = 0; path = LocalizedTextField.swift; sourceTree = "<group>"; xcLanguageSpecificationIdentifier = xcode.lang.swift; };
		61F127AE1EA7034D00F14A17 /* SlicedImage.swift */ = {isa = PBXFileReference; fileEncoding = 4; lastKnownFileType = sourcecode.swift; path = SlicedImage.swift; sourceTree = "<group>"; };
		61F127AF1EA7034D00F14A17 /* UIBox.swift */ = {isa = PBXFileReference; fileEncoding = 4; lastKnownFileType = sourcecode.swift; path = UIBox.swift; sourceTree = "<group>"; };
		61F127B01EA7034D00F14A17 /* VerticalButton.swift */ = {isa = PBXFileReference; fileEncoding = 4; lastKnownFileType = sourcecode.swift; path = VerticalButton.swift; sourceTree = "<group>"; };
		61F570981E7DAC5E00712518 /* ServerRequest.swift */ = {isa = PBXFileReference; fileEncoding = 4; lastKnownFileType = sourcecode.swift; path = ServerRequest.swift; sourceTree = "<group>"; };
		61F5CE8B1E68FA1C001261C1 /* WelcomeVC.swift */ = {isa = PBXFileReference; fileEncoding = 4; lastKnownFileType = sourcecode.swift; path = WelcomeVC.swift; sourceTree = "<group>"; };
		61F6D2701E733DC800754866 /* SignUpVC.swift */ = {isa = PBXFileReference; fileEncoding = 4; lastKnownFileType = sourcecode.swift; path = SignUpVC.swift; sourceTree = "<group>"; };
		975ABAA26CE44C1A5049A817 /* Pods-ConfidantTests.release.xcconfig */ = {isa = PBXFileReference; includeInIndex = 1; lastKnownFileType = text.xcconfig; name = "Pods-ConfidantTests.release.xcconfig"; path = "Pods/Target Support Files/Pods-ConfidantTests/Pods-ConfidantTests.release.xcconfig"; sourceTree = "<group>"; };
		B8EAC799DFB6F30B6E3AD9E4 /* Pods-ConfidantUITests.release.xcconfig */ = {isa = PBXFileReference; includeInIndex = 1; lastKnownFileType = text.xcconfig; name = "Pods-ConfidantUITests.release.xcconfig"; path = "Pods/Target Support Files/Pods-ConfidantUITests/Pods-ConfidantUITests.release.xcconfig"; sourceTree = "<group>"; };
		C0C386997EE0C755E117F68A /* Pods-Confidant.debug.xcconfig */ = {isa = PBXFileReference; includeInIndex = 1; lastKnownFileType = text.xcconfig; name = "Pods-Confidant.debug.xcconfig"; path = "Pods/Target Support Files/Pods-Confidant/Pods-Confidant.debug.xcconfig"; sourceTree = "<group>"; };
		DDE7681A0E5642D1948F6EC2 /* Pods_ConfidantUITests.framework */ = {isa = PBXFileReference; explicitFileType = wrapper.framework; includeInIndex = 0; path = Pods_ConfidantUITests.framework; sourceTree = BUILT_PRODUCTS_DIR; };
		DF03696E4F167229DC0AC621 /* Pods-ConfidantUITests.debug.xcconfig */ = {isa = PBXFileReference; includeInIndex = 1; lastKnownFileType = text.xcconfig; name = "Pods-ConfidantUITests.debug.xcconfig"; path = "Pods/Target Support Files/Pods-ConfidantUITests/Pods-ConfidantUITests.debug.xcconfig"; sourceTree = "<group>"; };
/* End PBXFileReference section */

/* Begin PBXFrameworksBuildPhase section */
		61494DF31E685AB400D4DF13 /* Frameworks */ = {
			isa = PBXFrameworksBuildPhase;
			buildActionMask = 2147483647;
			files = (
				E0F388420E06AA61419C133E /* Pods_Confidant.framework in Frameworks */,
			);
			runOnlyForDeploymentPostprocessing = 0;
		};
		61494E071E685AB400D4DF13 /* Frameworks */ = {
			isa = PBXFrameworksBuildPhase;
			buildActionMask = 2147483647;
			files = (
				27344174C6ADF5B6AE3D1A01 /* Pods_ConfidantTests.framework in Frameworks */,
			);
			runOnlyForDeploymentPostprocessing = 0;
		};
		61494E121E685AB400D4DF13 /* Frameworks */ = {
			isa = PBXFrameworksBuildPhase;
			buildActionMask = 2147483647;
			files = (
				43C8969277AAA61A22050A6B /* Pods_ConfidantUITests.framework in Frameworks */,
			);
			runOnlyForDeploymentPostprocessing = 0;
		};
/* End PBXFrameworksBuildPhase section */

/* Begin PBXGroup section */
		611828F01F39589D00400AB4 /* UI Common */ = {
			isa = PBXGroup;
			children = (
				61F1278D1EA7015E00F14A17 /* Alerts.swift */,
				61F127911EA7015E00F14A17 /* KeyboardAdjuster.swift */,
				61F127921EA7015E00F14A17 /* KeyboardToolbar.swift */,
				61F127931EA7015E00F14A17 /* LinkedChain.swift */,
				61F127941EA7015E00F14A17 /* Localized.swift */,
				61F127951EA7015E00F14A17 /* MathKit.swift */,
				61F127961EA7015E00F14A17 /* StyleKit.swift */,
				61CDB4361E87038E00E792F6 /* UITextFieldKit.swift */,
				613A8B461E6F1159000DD11D /* UIViewKit.swift */,
				61F127971EA7015F00F14A17 /* XIBDesignable.swift */,
			);
			path = "UI Common";
			sourceTree = "<group>";
		};
		611828F11F3958A700400AB4 /* UI Driver */ = {
			isa = PBXGroup;
			children = (
			);
			path = "UI Driver";
			sourceTree = "<group>";
		};
		611DA8811ED75DB200FBB047 /* Persistence */ = {
			isa = PBXGroup;
			children = (
			);
			path = Persistence;
			sourceTree = "<group>";
		};
		61232BBB1E8622E400DC64BC /* Storyboards */ = {
			isa = PBXGroup;
			children = (
				61A2BFE21E686DD900414A4C /* Login.storyboard */,
				61203F2D1E83802600E4B257 /* Dashboard.storyboard */,
				61232BBC1E86232B00DC64BC /* Chats.storyboard */,
				61A2BFE11E686DD900414A4C /* LaunchScreen.storyboard */,
			);
			path = Storyboards;
			sourceTree = "<group>";
		};
		61232BBE1E86257900DC64BC /* Chats */ = {
			isa = PBXGroup;
			children = (
				61232BBF1E8625CF00DC64BC /* ChatsNavigationViewController.swift */,
				61232BC11E86267A00DC64BC /* ChatsViewController.swift */,
			);
			path = Chats;
			sourceTree = "<group>";
		};
		61494DED1E685AB400D4DF13 = {
			isa = PBXGroup;
			children = (
				61494DF81E685AB400D4DF13 /* Confidant */,
				61494E0D1E685AB400D4DF13 /* ConfidantTests */,
				61494E181E685AB400D4DF13 /* ConfidantUITests */,
				61494DF71E685AB400D4DF13 /* Products */,
				7FD330C7B5CEB3092D0360E8 /* Pods */,
				61772190E55345DA1B03EC59 /* Frameworks */,
			);
			sourceTree = "<group>";
		};
		61494DF71E685AB400D4DF13 /* Products */ = {
			isa = PBXGroup;
			children = (
				61494DF61E685AB400D4DF13 /* Confidant.app */,
				61494E0A1E685AB400D4DF13 /* ConfidantTests.xctest */,
				61494E151E685AB400D4DF13 /* ConfidantUITests.xctest */,
			);
			name = Products;
			sourceTree = "<group>";
		};
		61494DF81E685AB400D4DF13 /* Confidant */ = {
			isa = PBXGroup;
			children = (
				6184856E1E68624000854092 /* Resources */,
				6184856F1E68624800854092 /* Sources */,
			);
			path = Confidant;
			sourceTree = "<group>";
		};
		61494E0D1E685AB400D4DF13 /* ConfidantTests */ = {
			isa = PBXGroup;
			children = (
				61494E0E1E685AB400D4DF13 /* ConfidantTests.swift */,
				61494E101E685AB400D4DF13 /* Info.plist */,
			);
			path = ConfidantTests;
			sourceTree = "<group>";
		};
		61494E181E685AB400D4DF13 /* ConfidantUITests */ = {
			isa = PBXGroup;
			children = (
				61494E191E685AB400D4DF13 /* ConfidantUITests.swift */,
				61494E1B1E685AB400D4DF13 /* Info.plist */,
			);
			path = ConfidantUITests;
			sourceTree = "<group>";
		};
		61772190E55345DA1B03EC59 /* Frameworks */ = {
			isa = PBXGroup;
			children = (
				27B67E8565E112D76FD90CD5 /* Pods_Confidant.framework */,
				13F1BF27FCE8A73AACE68875 /* Pods_ConfidantTests.framework */,
				DDE7681A0E5642D1948F6EC2 /* Pods_ConfidantUITests.framework */,
			);
			name = Frameworks;
			sourceTree = "<group>";
		};
		61790F041E6A0A660095482F /* Gotham */ = {
			isa = PBXGroup;
			children = (
				61790EC01E6A0A520095482F /* GOTHAM-BLACK.TTF */,
				61790EC21E6A0A520095482F /* GOTHAM-BLACKITALIC.TTF */,
				61790EC41E6A0A520095482F /* GOTHAM-BOLD_0.OTF */,
				61790EC61E6A0A520095482F /* GOTHAM-BOLD.TTF */,
				61790EC81E6A0A520095482F /* GOTHAM-BOLDITALIC.TTF */,
				61790ECA1E6A0A520095482F /* GOTHAM-BOOKITALIC_0.OTF */,
				61790ECC1E6A0A520095482F /* GOTHAM-LIGHT_0.OTF */,
				61790ECE1E6A0A520095482F /* GOTHAM-LIGHT.TTF */,
				61790ED01E6A0A520095482F /* GOTHAM-LIGHTITALIC.TTF */,
				61790ED21E6A0A520095482F /* GOTHAM-MEDIUM.TTF */,
				61790ED41E6A0A520095482F /* GOTHAM-MEDIUMITALIC.TTF */,
				61790ED61E6A0A520095482F /* GOTHAM-THIN.TTF */,
				61790ED81E6A0A520095482F /* GOTHAM-THINITALIC.TTF */,
				61790EDA1E6A0A520095482F /* GOTHAM-ULTRA.TTF */,
				61790EDC1E6A0A520095482F /* GOTHAM-ULTRAITALIC.TTF */,
				61790EDE1E6A0A520095482F /* GOTHAM-XLIGHT.TTF */,
				61790EE01E6A0A520095482F /* GOTHAM-XLIGHTITALIC.TTF */,
			);
			path = Gotham;
			sourceTree = "<group>";
		};
		6184856E1E68624000854092 /* Resources */ = {
			isa = PBXGroup;
			children = (
				61CC4EC61E80DE6A00ED4DB6 /* Assets.xcassets */,
				618485701E68625500854092 /* Interfaces */,
				61B24EB01EA51BD0005088A7 /* Language */,
				61B24EB11EA51BDB005088A7 /* Media */,
				618485711E68625D00854092 /* Supporting Files */,
			);
			path = Resources;
			sourceTree = "<group>";
		};
		6184856F1E68624800854092 /* Sources */ = {
			isa = PBXGroup;
			children = (
				61DB8CCF1E8371FE00EFD080 /* Core Common */,
				61B24EB21EA51D66005088A7 /* Data */,
				61B24EB41EA5265D005088A7 /* Logic */,
				618485721E68628D00854092 /* Presentation */,
				611828F01F39589D00400AB4 /* UI Common */,
				611828F11F3958A700400AB4 /* UI Driver */,
			);
			path = Sources;
			sourceTree = "<group>";
		};
		618485701E68625500854092 /* Interfaces */ = {
			isa = PBXGroup;
			children = (
				61B24EAE1EA51B51005088A7 /* Cells */,
				61232BBB1E8622E400DC64BC /* Storyboards */,
				61B24EAF1EA51B58005088A7 /* Views */,
			);
			path = Interfaces;
			sourceTree = "<group>";
		};
		618485711E68625D00854092 /* Supporting Files */ = {
			isa = PBXGroup;
			children = (
				61BDD9AC1E699CE300FA0410 /* Fonts */,
				61494E051E685AB400D4DF13 /* Info.plist */,
			);
			path = "Supporting Files";
			sourceTree = "<group>";
		};
		618485721E68628D00854092 /* Presentation */ = {
			isa = PBXGroup;
			children = (
				61494DF91E685AB400D4DF13 /* AppDelegate.swift */,
				61BDD9B21E69F38B00FA0410 /* Cells */,
				618485751E6862C700854092 /* ViewControllers */,
				618AF4CD1E84E1EE008A6A22 /* Views */,
			);
			path = Presentation;
			sourceTree = "<group>";
		};
		618485751E6862C700854092 /* ViewControllers */ = {
			isa = PBXGroup;
			children = (
				61232BBE1E86257900DC64BC /* Chats */,
				618AF4C81E84D0E7008A6A22 /* Dashboard */,
				61F5CE8A1E68F9EE001261C1 /* Login */,
			);
			path = ViewControllers;
			sourceTree = "<group>";
		};
		618485791E6862FE00854092 /* Services */ = {
			isa = PBXGroup;
			children = (
				6139C8841ED4DE7B00D4BC9B /* URLs.swift */,
				61F570981E7DAC5E00712518 /* ServerRequest.swift */,
			);
			path = Services;
			sourceTree = "<group>";
		};
		6184857D1E68633B00854092 /* Models */ = {
			isa = PBXGroup;
			children = (
				618BF5AE1F3D6F2D00A3E163 /* Common */,
				618BF5AC1F3D6EC500A3E163 /* Profile */,
				618BF5AD1F3D6EF400A3E163 /* User */,
			);
			path = Models;
			sourceTree = "<group>";
		};
		618AF4C81E84D0E7008A6A22 /* Dashboard */ = {
			isa = PBXGroup;
			children = (
			);
			path = Dashboard;
			sourceTree = "<group>";
		};
		618AF4CD1E84E1EE008A6A22 /* Views */ = {
			isa = PBXGroup;
			children = (
				61F127A31EA7034D00F14A17 /* BlurredView.swift */,
				6155F2211ECBAF29000445D1 /* ChartColumnView.swift */,
				6155F2231ECBAF29000445D1 /* ChartLineView.swift */,
				61F127A41EA7034D00F14A17 /* CircularImage.swift */,
				6155F2271ECBAF29000445D1 /* DisclosureView.swift */,
				61F127A51EA7034D00F14A17 /* IBDesignableClass.swift */,
				61F127A61EA7034D00F14A17 /* LinedView.swift */,
				61F127A71EA7034D00F14A17 /* Loading.swift */,
				6155F22B1ECBAF29000445D1 /* LocalizedBarButton.swift */,
				61F127A81EA7034D00F14A17 /* LocalizedBarButtonItem.swift */,
				61F127A91EA7034D00F14A17 /* LocalizedButton.swift */,
				61F127AA1EA7034D00F14A17 /* LocalizedLabel.swift */,
				6155F22C1ECBAF29000445D1 /* LocalizedNavigationBar.swift */,
				61F127AB1EA7034D00F14A17 /* LocalizedNavigationItem.swift */,
				61F127AC1EA7034D00F14A17 /* LocalizedSearchBar.swift */,
				6155F22D1ECBAF29000445D1 /* LocalizedSegmentedControl.swift */,
				6155F22E1ECBAF29000445D1 /* LocalizedTabBar.swift */,
				61F127AD1EA7034D00F14A17 /* LocalizedTextField.swift */,
				6155F2301ECBAF29000445D1 /* LocalizedWebView.swift */,
				61F127AE1EA7034D00F14A17 /* SlicedImage.swift */,
				6155F2331ECBAF29000445D1 /* TiledView.swift */,
				61F127AF1EA7034D00F14A17 /* UIBox.swift */,
				6155F2341ECBAF29000445D1 /* UIBoxGroup.swift */,
				61F127B01EA7034D00F14A17 /* VerticalButton.swift */,
			);
			path = Views;
			sourceTree = "<group>";
		};
		618BF5AC1F3D6EC500A3E163 /* Profile */ = {
			isa = PBXGroup;
			children = (
				61BE69451ED3409F0036EDBB /* ProfileBO.swift */,
			);
			path = Profile;
			sourceTree = "<group>";
		};
		618BF5AD1F3D6EF400A3E163 /* User */ = {
			isa = PBXGroup;
			children = (
				61A35AF41E7DCB1F0010A01D /* UserBO.swift */,
			);
			path = User;
			sourceTree = "<group>";
		};
		618BF5AE1F3D6F2D00A3E163 /* Common */ = {
			isa = PBXGroup;
			children = (
				61BE69471ED3413E0036EDBB /* ModelBO.swift */,
			);
			path = Common;
			sourceTree = "<group>";
		};
		61B24EAE1EA51B51005088A7 /* Cells */ = {
			isa = PBXGroup;
			children = (
			);
			path = Cells;
			sourceTree = "<group>";
		};
		61B24EAF1EA51B58005088A7 /* Views */ = {
			isa = PBXGroup;
			children = (
			);
			path = Views;
			sourceTree = "<group>";
		};
		61B24EB01EA51BD0005088A7 /* Language */ = {
			isa = PBXGroup;
			children = (
				61F1278B1EA6FFA200F14A17 /* Localizable.strings */,
			);
			path = Language;
			sourceTree = "<group>";
		};
		61B24EB11EA51BDB005088A7 /* Media */ = {
			isa = PBXGroup;
			children = (
			);
			path = Media;
			sourceTree = "<group>";
		};
		61B24EB21EA51D66005088A7 /* Data */ = {
			isa = PBXGroup;
			children = (
				6184857D1E68633B00854092 /* Models */,
				611DA8811ED75DB200FBB047 /* Persistence */,
			);
			path = Data;
			sourceTree = "<group>";
		};
		61B24EB41EA5265D005088A7 /* Logic */ = {
			isa = PBXGroup;
			children = (
				618485791E6862FE00854092 /* Services */,
				611DA8841ED75E3700FBB047 /* UsersLO.swift */,
			);
			path = Logic;
			sourceTree = "<group>";
		};
		61BDD9AC1E699CE300FA0410 /* Fonts */ = {
			isa = PBXGroup;
			children = (
				61790F041E6A0A660095482F /* Gotham */,
			);
			path = Fonts;
			sourceTree = "<group>";
		};
		61BDD9B21E69F38B00FA0410 /* Cells */ = {
			isa = PBXGroup;
			children = (
			);
			path = Cells;
			sourceTree = "<group>";
		};
		61DB8CCF1E8371FE00EFD080 /* Core Common */ = {
			isa = PBXGroup;
			children = (
				61F127901EA7015E00F14A17 /* DateKit.swift */,
			);
			path = "Core Common";
			sourceTree = "<group>";
		};
		61F5CE8A1E68F9EE001261C1 /* Login */ = {
			isa = PBXGroup;
			children = (
				6110E1811E6F72340005A419 /* LogInVC.swift */,
				61F6D2701E733DC800754866 /* SignUpVC.swift */,
				61F5CE8B1E68FA1C001261C1 /* WelcomeVC.swift */,
			);
			path = Login;
			sourceTree = "<group>";
		};
		7FD330C7B5CEB3092D0360E8 /* Pods */ = {
			isa = PBXGroup;
			children = (
				C0C386997EE0C755E117F68A /* Pods-Confidant.debug.xcconfig */,
				4EC6EC8C6591F91A0F743E65 /* Pods-Confidant.release.xcconfig */,
				138CC0511504C8DA07BBB93D /* Pods-ConfidantTests.debug.xcconfig */,
				975ABAA26CE44C1A5049A817 /* Pods-ConfidantTests.release.xcconfig */,
				DF03696E4F167229DC0AC621 /* Pods-ConfidantUITests.debug.xcconfig */,
				B8EAC799DFB6F30B6E3AD9E4 /* Pods-ConfidantUITests.release.xcconfig */,
			);
			name = Pods;
			sourceTree = "<group>";
		};
/* End PBXGroup section */

/* Begin PBXNativeTarget section */
		61494DF51E685AB400D4DF13 /* Confidant */ = {
			isa = PBXNativeTarget;
			buildConfigurationList = 61494E1E1E685AB400D4DF13 /* Build configuration list for PBXNativeTarget "Confidant" */;
			buildPhases = (
				36DC6929DDF1B83B7D65BADF /* [CP] Check Pods Manifest.lock */,
				61494DF21E685AB400D4DF13 /* Sources */,
				61494DF31E685AB400D4DF13 /* Frameworks */,
				61494DF41E685AB400D4DF13 /* Resources */,
				D0FBF7F644D2C55328F04546 /* [CP] Embed Pods Frameworks */,
				0B11F1FE40B55551CC9DB16D /* [CP] Copy Pods Resources */,
			);
			buildRules = (
			);
			dependencies = (
			);
			name = Confidant;
			productName = Confidant;
			productReference = 61494DF61E685AB400D4DF13 /* Confidant.app */;
			productType = "com.apple.product-type.application";
		};
		61494E091E685AB400D4DF13 /* ConfidantTests */ = {
			isa = PBXNativeTarget;
			buildConfigurationList = 61494E211E685AB400D4DF13 /* Build configuration list for PBXNativeTarget "ConfidantTests" */;
			buildPhases = (
				F69DBA3AA3865981591E6EB9 /* [CP] Check Pods Manifest.lock */,
				61494E061E685AB400D4DF13 /* Sources */,
				61494E071E685AB400D4DF13 /* Frameworks */,
				61494E081E685AB400D4DF13 /* Resources */,
				9D308B814C103F5977E79D3A /* [CP] Embed Pods Frameworks */,
				5C5221470684B375ED09F159 /* [CP] Copy Pods Resources */,
			);
			buildRules = (
			);
			dependencies = (
				61494E0C1E685AB400D4DF13 /* PBXTargetDependency */,
			);
			name = ConfidantTests;
			productName = ConfidantTests;
			productReference = 61494E0A1E685AB400D4DF13 /* ConfidantTests.xctest */;
			productType = "com.apple.product-type.bundle.unit-test";
		};
		61494E141E685AB400D4DF13 /* ConfidantUITests */ = {
			isa = PBXNativeTarget;
			buildConfigurationList = 61494E241E685AB400D4DF13 /* Build configuration list for PBXNativeTarget "ConfidantUITests" */;
			buildPhases = (
				459F3E9C1E9A2EB1FEED22EA /* [CP] Check Pods Manifest.lock */,
				61494E111E685AB400D4DF13 /* Sources */,
				61494E121E685AB400D4DF13 /* Frameworks */,
				61494E131E685AB400D4DF13 /* Resources */,
				72BDF54738BAFA61016EE51F /* [CP] Embed Pods Frameworks */,
				6161239FAE4FFB3AF18F7032 /* [CP] Copy Pods Resources */,
			);
			buildRules = (
			);
			dependencies = (
				61494E171E685AB400D4DF13 /* PBXTargetDependency */,
			);
			name = ConfidantUITests;
			productName = ConfidantUITests;
			productReference = 61494E151E685AB400D4DF13 /* ConfidantUITests.xctest */;
			productType = "com.apple.product-type.bundle.ui-testing";
		};
/* End PBXNativeTarget section */

/* Begin PBXProject section */
		61494DEE1E685AB400D4DF13 /* Project object */ = {
			isa = PBXProject;
			attributes = {
				LastSwiftUpdateCheck = 0820;
				LastUpgradeCheck = 0830;
				ORGANIZATIONNAME = Watermelon;
				TargetAttributes = {
					61494DF51E685AB400D4DF13 = {
						CreatedOnToolsVersion = 8.2.1;
						DevelopmentTeam = 4Q582659G6;
						ProvisioningStyle = Automatic;
					};
					61494E091E685AB400D4DF13 = {
						CreatedOnToolsVersion = 8.2.1;
						DevelopmentTeam = 4Q582659G6;
						ProvisioningStyle = Automatic;
						TestTargetID = 61494DF51E685AB400D4DF13;
					};
					61494E141E685AB400D4DF13 = {
						CreatedOnToolsVersion = 8.2.1;
						DevelopmentTeam = 4Q582659G6;
						ProvisioningStyle = Automatic;
						TestTargetID = 61494DF51E685AB400D4DF13;
					};
				};
			};
			buildConfigurationList = 61494DF11E685AB400D4DF13 /* Build configuration list for PBXProject "Confidant" */;
			compatibilityVersion = "Xcode 3.2";
			developmentRegion = English;
			hasScannedForEncodings = 0;
			knownRegions = (
				en,
				Base,
				"pt-BR",
			);
			mainGroup = 61494DED1E685AB400D4DF13;
			productRefGroup = 61494DF71E685AB400D4DF13 /* Products */;
			projectDirPath = "";
			projectRoot = "";
			targets = (
				61494DF51E685AB400D4DF13 /* Confidant */,
				61494E091E685AB400D4DF13 /* ConfidantTests */,
				61494E141E685AB400D4DF13 /* ConfidantUITests */,
			);
		};
/* End PBXProject section */

/* Begin PBXResourcesBuildPhase section */
		61494DF41E685AB400D4DF13 /* Resources */ = {
			isa = PBXResourcesBuildPhase;
			buildActionMask = 2147483647;
			files = (
				61790EE41E6A0A520095482F /* GOTHAM-BLACKITALIC.TTF in Resources */,
				61790EF81E6A0A520095482F /* GOTHAM-THIN.TTF in Resources */,
				61232BBD1E86232B00DC64BC /* Chats.storyboard in Resources */,
				61790EEC1E6A0A520095482F /* GOTHAM-BOOKITALIC_0.OTF in Resources */,
				61203F2E1E83802600E4B257 /* Dashboard.storyboard in Resources */,
				61A2BFE41E686DD900414A4C /* Login.storyboard in Resources */,
				61CC4EC71E80DE6A00ED4DB6 /* Assets.xcassets in Resources */,
				61790EE81E6A0A520095482F /* GOTHAM-BOLD.TTF in Resources */,
				61790EF61E6A0A520095482F /* GOTHAM-MEDIUMITALIC.TTF in Resources */,
				61790EE21E6A0A520095482F /* GOTHAM-BLACK.TTF in Resources */,
				61790EE61E6A0A520095482F /* GOTHAM-BOLD_0.OTF in Resources */,
				61790F021E6A0A520095482F /* GOTHAM-XLIGHTITALIC.TTF in Resources */,
				61790EFC1E6A0A520095482F /* GOTHAM-ULTRA.TTF in Resources */,
				61F127891EA6FFA200F14A17 /* Localizable.strings in Resources */,
				61790F001E6A0A520095482F /* GOTHAM-XLIGHT.TTF in Resources */,
				61790EEA1E6A0A520095482F /* GOTHAM-BOLDITALIC.TTF in Resources */,
				61A2BFE31E686DD900414A4C /* LaunchScreen.storyboard in Resources */,
				61790EEE1E6A0A520095482F /* GOTHAM-LIGHT_0.OTF in Resources */,
				61790EF21E6A0A520095482F /* GOTHAM-LIGHTITALIC.TTF in Resources */,
				61790EF41E6A0A520095482F /* GOTHAM-MEDIUM.TTF in Resources */,
				61790EF01E6A0A520095482F /* GOTHAM-LIGHT.TTF in Resources */,
				61790EFE1E6A0A520095482F /* GOTHAM-ULTRAITALIC.TTF in Resources */,
				61790EFA1E6A0A520095482F /* GOTHAM-THINITALIC.TTF in Resources */,
			);
			runOnlyForDeploymentPostprocessing = 0;
		};
		61494E081E685AB400D4DF13 /* Resources */ = {
			isa = PBXResourcesBuildPhase;
			buildActionMask = 2147483647;
			files = (
			);
			runOnlyForDeploymentPostprocessing = 0;
		};
		61494E131E685AB400D4DF13 /* Resources */ = {
			isa = PBXResourcesBuildPhase;
			buildActionMask = 2147483647;
			files = (
			);
			runOnlyForDeploymentPostprocessing = 0;
		};
/* End PBXResourcesBuildPhase section */

/* Begin PBXShellScriptBuildPhase section */
		0B11F1FE40B55551CC9DB16D /* [CP] Copy Pods Resources */ = {
			isa = PBXShellScriptBuildPhase;
			buildActionMask = 2147483647;
			files = (
			);
			inputPaths = (
			);
			name = "[CP] Copy Pods Resources";
			outputPaths = (
			);
			runOnlyForDeploymentPostprocessing = 0;
			shellPath = /bin/sh;
			shellScript = "\"${SRCROOT}/Pods/Target Support Files/Pods-Confidant/Pods-Confidant-resources.sh\"\n";
			showEnvVarsInLog = 0;
		};
		36DC6929DDF1B83B7D65BADF /* [CP] Check Pods Manifest.lock */ = {
			isa = PBXShellScriptBuildPhase;
			buildActionMask = 2147483647;
			files = (
			);
			inputPaths = (
			);
			name = "[CP] Check Pods Manifest.lock";
			outputPaths = (
			);
			runOnlyForDeploymentPostprocessing = 0;
			shellPath = /bin/sh;
			shellScript = "diff \"${PODS_ROOT}/../Podfile.lock\" \"${PODS_ROOT}/Manifest.lock\" > /dev/null\nif [ $? != 0 ] ; then\n    # print error to STDERR\n    echo \"error: The sandbox is not in sync with the Podfile.lock. Run 'pod install' or update your CocoaPods installation.\" >&2\n    exit 1\nfi\n";
			showEnvVarsInLog = 0;
		};
		459F3E9C1E9A2EB1FEED22EA /* [CP] Check Pods Manifest.lock */ = {
			isa = PBXShellScriptBuildPhase;
			buildActionMask = 2147483647;
			files = (
			);
			inputPaths = (
			);
			name = "[CP] Check Pods Manifest.lock";
			outputPaths = (
			);
			runOnlyForDeploymentPostprocessing = 0;
			shellPath = /bin/sh;
			shellScript = "diff \"${PODS_ROOT}/../Podfile.lock\" \"${PODS_ROOT}/Manifest.lock\" > /dev/null\nif [ $? != 0 ] ; then\n    # print error to STDERR\n    echo \"error: The sandbox is not in sync with the Podfile.lock. Run 'pod install' or update your CocoaPods installation.\" >&2\n    exit 1\nfi\n";
			showEnvVarsInLog = 0;
		};
		5C5221470684B375ED09F159 /* [CP] Copy Pods Resources */ = {
			isa = PBXShellScriptBuildPhase;
			buildActionMask = 2147483647;
			files = (
			);
			inputPaths = (
			);
			name = "[CP] Copy Pods Resources";
			outputPaths = (
			);
			runOnlyForDeploymentPostprocessing = 0;
			shellPath = /bin/sh;
			shellScript = "\"${SRCROOT}/Pods/Target Support Files/Pods-ConfidantTests/Pods-ConfidantTests-resources.sh\"\n";
			showEnvVarsInLog = 0;
		};
		6161239FAE4FFB3AF18F7032 /* [CP] Copy Pods Resources */ = {
			isa = PBXShellScriptBuildPhase;
			buildActionMask = 2147483647;
			files = (
			);
			inputPaths = (
			);
			name = "[CP] Copy Pods Resources";
			outputPaths = (
			);
			runOnlyForDeploymentPostprocessing = 0;
			shellPath = /bin/sh;
			shellScript = "\"${SRCROOT}/Pods/Target Support Files/Pods-ConfidantUITests/Pods-ConfidantUITests-resources.sh\"\n";
			showEnvVarsInLog = 0;
		};
		72BDF54738BAFA61016EE51F /* [CP] Embed Pods Frameworks */ = {
			isa = PBXShellScriptBuildPhase;
			buildActionMask = 2147483647;
			files = (
			);
			inputPaths = (
			);
			name = "[CP] Embed Pods Frameworks";
			outputPaths = (
			);
			runOnlyForDeploymentPostprocessing = 0;
			shellPath = /bin/sh;
			shellScript = "\"${SRCROOT}/Pods/Target Support Files/Pods-ConfidantUITests/Pods-ConfidantUITests-frameworks.sh\"\n";
			showEnvVarsInLog = 0;
		};
		9D308B814C103F5977E79D3A /* [CP] Embed Pods Frameworks */ = {
			isa = PBXShellScriptBuildPhase;
			buildActionMask = 2147483647;
			files = (
			);
			inputPaths = (
			);
			name = "[CP] Embed Pods Frameworks";
			outputPaths = (
			);
			runOnlyForDeploymentPostprocessing = 0;
			shellPath = /bin/sh;
			shellScript = "\"${SRCROOT}/Pods/Target Support Files/Pods-ConfidantTests/Pods-ConfidantTests-frameworks.sh\"\n";
			showEnvVarsInLog = 0;
		};
		D0FBF7F644D2C55328F04546 /* [CP] Embed Pods Frameworks */ = {
			isa = PBXShellScriptBuildPhase;
			buildActionMask = 2147483647;
			files = (
			);
			inputPaths = (
			);
			name = "[CP] Embed Pods Frameworks";
			outputPaths = (
			);
			runOnlyForDeploymentPostprocessing = 0;
			shellPath = /bin/sh;
			shellScript = "\"${SRCROOT}/Pods/Target Support Files/Pods-Confidant/Pods-Confidant-frameworks.sh\"\n";
			showEnvVarsInLog = 0;
		};
		F69DBA3AA3865981591E6EB9 /* [CP] Check Pods Manifest.lock */ = {
			isa = PBXShellScriptBuildPhase;
			buildActionMask = 2147483647;
			files = (
			);
			inputPaths = (
			);
			name = "[CP] Check Pods Manifest.lock";
			outputPaths = (
			);
			runOnlyForDeploymentPostprocessing = 0;
			shellPath = /bin/sh;
			shellScript = "diff \"${PODS_ROOT}/../Podfile.lock\" \"${PODS_ROOT}/Manifest.lock\" > /dev/null\nif [ $? != 0 ] ; then\n    # print error to STDERR\n    echo \"error: The sandbox is not in sync with the Podfile.lock. Run 'pod install' or update your CocoaPods installation.\" >&2\n    exit 1\nfi\n";
			showEnvVarsInLog = 0;
		};
/* End PBXShellScriptBuildPhase section */

/* Begin PBXSourcesBuildPhase section */
		61494DF21E685AB400D4DF13 /* Sources */ = {
			isa = PBXSourcesBuildPhase;
			buildActionMask = 2147483647;
			files = (
				6155F2391ECBAF29000445D1 /* ChartColumnView.swift in Sources */,
				61232BC21E86267A00DC64BC /* ChatsViewController.swift in Sources */,
				61F127BB1EA7034D00F14A17 /* LocalizedTextField.swift in Sources */,
				6110E1821E6F72340005A419 /* LogInVC.swift in Sources */,
				61F127B21EA7034D00F14A17 /* CircularImage.swift in Sources */,
				6155F2441ECBAF29000445D1 /* LocalizedNavigationBar.swift in Sources */,
				61BE69461ED3409F0036EDBB /* ProfileBO.swift in Sources */,
				61232BC01E8625CF00DC64BC /* ChatsNavigationViewController.swift in Sources */,
				6155F2451ECBAF29000445D1 /* LocalizedSegmentedControl.swift in Sources */,
				6155F24B1ECBAF29000445D1 /* TiledView.swift in Sources */,
				61F1279F1EA7015F00F14A17 /* Localized.swift in Sources */,
				61F127B81EA7034D00F14A17 /* LocalizedLabel.swift in Sources */,
				6155F23F1ECBAF29000445D1 /* DisclosureView.swift in Sources */,
				61F127B31EA7034D00F14A17 /* IBDesignableClass.swift in Sources */,
				6155F2481ECBAF29000445D1 /* LocalizedWebView.swift in Sources */,
				61F127B61EA7034D00F14A17 /* LocalizedBarButtonItem.swift in Sources */,
				61F127A01EA7015F00F14A17 /* MathKit.swift in Sources */,
				61F1279E1EA7015F00F14A17 /* LinkedChain.swift in Sources */,
				61F1279C1EA7015F00F14A17 /* KeyboardAdjuster.swift in Sources */,
				6155F23B1ECBAF29000445D1 /* ChartLineView.swift in Sources */,
				61CDB4371E87038E00E792F6 /* UITextFieldKit.swift in Sources */,
				61F127B71EA7034D00F14A17 /* LocalizedButton.swift in Sources */,
				61F127A21EA7015F00F14A17 /* XIBDesignable.swift in Sources */,
				61BE69481ED3413E0036EDBB /* ModelBO.swift in Sources */,
				6155F2431ECBAF29000445D1 /* LocalizedBarButton.swift in Sources */,
				6155F24C1ECBAF29000445D1 /* UIBoxGroup.swift in Sources */,
				61F570991E7DAC5E00712518 /* ServerRequest.swift in Sources */,
				613A8B471E6F1159000DD11D /* UIViewKit.swift in Sources */,
				61F127B41EA7034D00F14A17 /* LinedView.swift in Sources */,
				611DA8851ED75E3700FBB047 /* UsersLO.swift in Sources */,
				61F127B11EA7034D00F14A17 /* BlurredView.swift in Sources */,
				6155F2461ECBAF29000445D1 /* LocalizedTabBar.swift in Sources */,
				61F127BE1EA7034D00F14A17 /* VerticalButton.swift in Sources */,
				61F5CE8C1E68FA1C001261C1 /* WelcomeVC.swift in Sources */,
				61F127BD1EA7034D00F14A17 /* UIBox.swift in Sources */,
				61F127B91EA7034D00F14A17 /* LocalizedNavigationItem.swift in Sources */,
				61F6D2711E733DC800754866 /* SignUpVC.swift in Sources */,
				61A35AF51E7DCB1F0010A01D /* UserBO.swift in Sources */,
				61F127BC1EA7034D00F14A17 /* SlicedImage.swift in Sources */,
				6139C8851ED4DE7B00D4BC9B /* URLs.swift in Sources */,
				61F127A11EA7015F00F14A17 /* StyleKit.swift in Sources */,
				61F127BA1EA7034D00F14A17 /* LocalizedSearchBar.swift in Sources */,
				61F1279B1EA7015F00F14A17 /* DateKit.swift in Sources */,
				61F127B51EA7034D00F14A17 /* Loading.swift in Sources */,
				61494DFA1E685AB400D4DF13 /* AppDelegate.swift in Sources */,
				61F127981EA7015F00F14A17 /* Alerts.swift in Sources */,
				61F1279D1EA7015F00F14A17 /* KeyboardToolbar.swift in Sources */,
			);
			runOnlyForDeploymentPostprocessing = 0;
		};
		61494E061E685AB400D4DF13 /* Sources */ = {
			isa = PBXSourcesBuildPhase;
			buildActionMask = 2147483647;
			files = (
				61494E0F1E685AB400D4DF13 /* ConfidantTests.swift in Sources */,
			);
			runOnlyForDeploymentPostprocessing = 0;
		};
		61494E111E685AB400D4DF13 /* Sources */ = {
			isa = PBXSourcesBuildPhase;
			buildActionMask = 2147483647;
			files = (
				61494E1A1E685AB400D4DF13 /* ConfidantUITests.swift in Sources */,
			);
			runOnlyForDeploymentPostprocessing = 0;
		};
/* End PBXSourcesBuildPhase section */

/* Begin PBXTargetDependency section */
		61494E0C1E685AB400D4DF13 /* PBXTargetDependency */ = {
			isa = PBXTargetDependency;
			target = 61494DF51E685AB400D4DF13 /* Confidant */;
			targetProxy = 61494E0B1E685AB400D4DF13 /* PBXContainerItemProxy */;
		};
		61494E171E685AB400D4DF13 /* PBXTargetDependency */ = {
			isa = PBXTargetDependency;
			target = 61494DF51E685AB400D4DF13 /* Confidant */;
			targetProxy = 61494E161E685AB400D4DF13 /* PBXContainerItemProxy */;
		};
/* End PBXTargetDependency section */

/* Begin PBXVariantGroup section */
		61F1278B1EA6FFA200F14A17 /* Localizable.strings */ = {
			isa = PBXVariantGroup;
			children = (
				61F1278A1EA6FFA200F14A17 /* en */,
				61F1278C1EA6FFE600F14A17 /* pt-BR */,
			);
			name = Localizable.strings;
			sourceTree = "<group>";
		};
/* End PBXVariantGroup section */

/* Begin XCBuildConfiguration section */
		61494E1C1E685AB400D4DF13 /* Debug */ = {
			isa = XCBuildConfiguration;
			buildSettings = {
				ALWAYS_SEARCH_USER_PATHS = NO;
				CLANG_ANALYZER_LOCALIZABILITY_NONLOCALIZED = YES;
				CLANG_ANALYZER_NONNULL = YES;
				CLANG_CXX_LANGUAGE_STANDARD = "gnu++0x";
				CLANG_CXX_LIBRARY = "libc++";
				CLANG_ENABLE_MODULES = YES;
				CLANG_ENABLE_OBJC_ARC = YES;
				CLANG_WARN_BOOL_CONVERSION = YES;
				CLANG_WARN_CONSTANT_CONVERSION = YES;
				CLANG_WARN_DIRECT_OBJC_ISA_USAGE = YES_ERROR;
				CLANG_WARN_DOCUMENTATION_COMMENTS = YES;
				CLANG_WARN_EMPTY_BODY = YES;
				CLANG_WARN_ENUM_CONVERSION = YES;
				CLANG_WARN_INFINITE_RECURSION = YES;
				CLANG_WARN_INT_CONVERSION = YES;
				CLANG_WARN_OBJC_ROOT_CLASS = YES_ERROR;
				CLANG_WARN_SUSPICIOUS_MOVE = YES;
				CLANG_WARN_UNREACHABLE_CODE = YES;
				CLANG_WARN__DUPLICATE_METHOD_MATCH = YES;
				"CODE_SIGN_IDENTITY[sdk=iphoneos*]" = "iPhone Developer";
				COPY_PHASE_STRIP = NO;
				DEBUG_INFORMATION_FORMAT = dwarf;
				ENABLE_STRICT_OBJC_MSGSEND = YES;
				ENABLE_TESTABILITY = YES;
				GCC_C_LANGUAGE_STANDARD = gnu99;
				GCC_DYNAMIC_NO_PIC = NO;
				GCC_NO_COMMON_BLOCKS = YES;
				GCC_OPTIMIZATION_LEVEL = 0;
				GCC_PREPROCESSOR_DEFINITIONS = (
					"DEBUG=1",
					"$(inherited)",
				);
				GCC_WARN_64_TO_32_BIT_CONVERSION = YES;
				GCC_WARN_ABOUT_RETURN_TYPE = YES_ERROR;
				GCC_WARN_UNDECLARED_SELECTOR = YES;
				GCC_WARN_UNINITIALIZED_AUTOS = YES_AGGRESSIVE;
				GCC_WARN_UNUSED_FUNCTION = YES;
				GCC_WARN_UNUSED_VARIABLE = YES;
				IPHONEOS_DEPLOYMENT_TARGET = 10.3;
				MTL_ENABLE_DEBUG_INFO = YES;
				ONLY_ACTIVE_ARCH = YES;
				SDKROOT = iphoneos;
				SWIFT_ACTIVE_COMPILATION_CONDITIONS = DEBUG;
				SWIFT_OPTIMIZATION_LEVEL = "-Onone";
				TARGETED_DEVICE_FAMILY = "1,2";
			};
			name = Debug;
		};
		61494E1D1E685AB400D4DF13 /* Release */ = {
			isa = XCBuildConfiguration;
			buildSettings = {
				ALWAYS_SEARCH_USER_PATHS = NO;
				CLANG_ANALYZER_LOCALIZABILITY_NONLOCALIZED = YES;
				CLANG_ANALYZER_NONNULL = YES;
				CLANG_CXX_LANGUAGE_STANDARD = "gnu++0x";
				CLANG_CXX_LIBRARY = "libc++";
				CLANG_ENABLE_MODULES = YES;
				CLANG_ENABLE_OBJC_ARC = YES;
				CLANG_WARN_BOOL_CONVERSION = YES;
				CLANG_WARN_CONSTANT_CONVERSION = YES;
				CLANG_WARN_DIRECT_OBJC_ISA_USAGE = YES_ERROR;
				CLANG_WARN_DOCUMENTATION_COMMENTS = YES;
				CLANG_WARN_EMPTY_BODY = YES;
				CLANG_WARN_ENUM_CONVERSION = YES;
				CLANG_WARN_INFINITE_RECURSION = YES;
				CLANG_WARN_INT_CONVERSION = YES;
				CLANG_WARN_OBJC_ROOT_CLASS = YES_ERROR;
				CLANG_WARN_SUSPICIOUS_MOVE = YES;
				CLANG_WARN_UNREACHABLE_CODE = YES;
				CLANG_WARN__DUPLICATE_METHOD_MATCH = YES;
				"CODE_SIGN_IDENTITY[sdk=iphoneos*]" = "iPhone Developer";
				COPY_PHASE_STRIP = NO;
				DEBUG_INFORMATION_FORMAT = "dwarf-with-dsym";
				ENABLE_NS_ASSERTIONS = NO;
				ENABLE_STRICT_OBJC_MSGSEND = YES;
				GCC_C_LANGUAGE_STANDARD = gnu99;
				GCC_NO_COMMON_BLOCKS = YES;
				GCC_WARN_64_TO_32_BIT_CONVERSION = YES;
				GCC_WARN_ABOUT_RETURN_TYPE = YES_ERROR;
				GCC_WARN_UNDECLARED_SELECTOR = YES;
				GCC_WARN_UNINITIALIZED_AUTOS = YES_AGGRESSIVE;
				GCC_WARN_UNUSED_FUNCTION = YES;
				GCC_WARN_UNUSED_VARIABLE = YES;
				IPHONEOS_DEPLOYMENT_TARGET = 10.3;
				MTL_ENABLE_DEBUG_INFO = NO;
				SDKROOT = iphoneos;
				SWIFT_OPTIMIZATION_LEVEL = "-Owholemodule";
				TARGETED_DEVICE_FAMILY = "1,2";
				VALIDATE_PRODUCT = YES;
			};
			name = Release;
		};
		61494E1F1E685AB400D4DF13 /* Debug */ = {
			isa = XCBuildConfiguration;
			baseConfigurationReference = C0C386997EE0C755E117F68A /* Pods-Confidant.debug.xcconfig */;
			buildSettings = {
				ALWAYS_EMBED_SWIFT_STANDARD_LIBRARIES = YES;
				ASSETCATALOG_COMPILER_APPICON_NAME = AppIcon;
				DEVELOPMENT_TEAM = 4Q582659G6;
				INFOPLIST_FILE = "$(SRCROOT)/Confidant/Resources/Supporting Files/Info.plist";
				IPHONEOS_DEPLOYMENT_TARGET = 10.2;
				LD_RUNPATH_SEARCH_PATHS = "$(inherited) @executable_path/Frameworks";
				PRODUCT_BUNDLE_IDENTIFIER = br.com.watermelon.Confidant;
				PRODUCT_NAME = "$(TARGET_NAME)";
				SWIFT_DISABLE_SAFETY_CHECKS = NO;
				SWIFT_OBJC_BRIDGING_HEADER = "";
				SWIFT_VERSION = 3.0;
				TARGETED_DEVICE_FAMILY = 1;
			};
			name = Debug;
		};
		61494E201E685AB400D4DF13 /* Release */ = {
			isa = XCBuildConfiguration;
			baseConfigurationReference = 4EC6EC8C6591F91A0F743E65 /* Pods-Confidant.release.xcconfig */;
			buildSettings = {
				ALWAYS_EMBED_SWIFT_STANDARD_LIBRARIES = YES;
				ASSETCATALOG_COMPILER_APPICON_NAME = AppIcon;
				DEVELOPMENT_TEAM = 4Q582659G6;
				INFOPLIST_FILE = "$(SRCROOT)/Confidant/Resources/Supporting Files/Info.plist";
				IPHONEOS_DEPLOYMENT_TARGET = 10.2;
				LD_RUNPATH_SEARCH_PATHS = "$(inherited) @executable_path/Frameworks";
				PRODUCT_BUNDLE_IDENTIFIER = br.com.watermelon.Confidant;
				PRODUCT_NAME = "$(TARGET_NAME)";
				SWIFT_DISABLE_SAFETY_CHECKS = NO;
				SWIFT_OBJC_BRIDGING_HEADER = "";
				SWIFT_VERSION = 3.0;
				TARGETED_DEVICE_FAMILY = 1;
			};
			name = Release;
		};
		61494E221E685AB400D4DF13 /* Debug */ = {
			isa = XCBuildConfiguration;
			baseConfigurationReference = 138CC0511504C8DA07BBB93D /* Pods-ConfidantTests.debug.xcconfig */;
			buildSettings = {
				ALWAYS_EMBED_SWIFT_STANDARD_LIBRARIES = YES;
				BUNDLE_LOADER = "$(TEST_HOST)";
				DEVELOPMENT_TEAM = 4Q582659G6;
				INFOPLIST_FILE = ConfidantTests/Info.plist;
				LD_RUNPATH_SEARCH_PATHS = "$(inherited) @executable_path/Frameworks @loader_path/Frameworks";
				PRODUCT_BUNDLE_IDENTIFIER = br.com.watermelon.ConfidantTests;
				PRODUCT_NAME = "$(TARGET_NAME)";
				SWIFT_VERSION = 3.0;
				TEST_HOST = "$(BUILT_PRODUCTS_DIR)/Confidant.app/Confidant";
			};
			name = Debug;
		};
		61494E231E685AB400D4DF13 /* Release */ = {
			isa = XCBuildConfiguration;
			baseConfigurationReference = 975ABAA26CE44C1A5049A817 /* Pods-ConfidantTests.release.xcconfig */;
			buildSettings = {
				ALWAYS_EMBED_SWIFT_STANDARD_LIBRARIES = YES;
				BUNDLE_LOADER = "$(TEST_HOST)";
				DEVELOPMENT_TEAM = 4Q582659G6;
				INFOPLIST_FILE = ConfidantTests/Info.plist;
				LD_RUNPATH_SEARCH_PATHS = "$(inherited) @executable_path/Frameworks @loader_path/Frameworks";
				PRODUCT_BUNDLE_IDENTIFIER = br.com.watermelon.ConfidantTests;
				PRODUCT_NAME = "$(TARGET_NAME)";
				SWIFT_VERSION = 3.0;
				TEST_HOST = "$(BUILT_PRODUCTS_DIR)/Confidant.app/Confidant";
			};
			name = Release;
		};
		61494E251E685AB400D4DF13 /* Debug */ = {
			isa = XCBuildConfiguration;
			baseConfigurationReference = DF03696E4F167229DC0AC621 /* Pods-ConfidantUITests.debug.xcconfig */;
			buildSettings = {
				ALWAYS_EMBED_SWIFT_STANDARD_LIBRARIES = YES;
				DEVELOPMENT_TEAM = 4Q582659G6;
				INFOPLIST_FILE = ConfidantUITests/Info.plist;
				LD_RUNPATH_SEARCH_PATHS = "$(inherited) @executable_path/Frameworks @loader_path/Frameworks";
				PRODUCT_BUNDLE_IDENTIFIER = br.com.watermelon.ConfidantUITests;
				PRODUCT_NAME = "$(TARGET_NAME)";
				SWIFT_VERSION = 3.0;
				TEST_TARGET_NAME = Confidant;
			};
			name = Debug;
		};
		61494E261E685AB400D4DF13 /* Release */ = {
			isa = XCBuildConfiguration;
			baseConfigurationReference = B8EAC799DFB6F30B6E3AD9E4 /* Pods-ConfidantUITests.release.xcconfig */;
			buildSettings = {
				ALWAYS_EMBED_SWIFT_STANDARD_LIBRARIES = YES;
				DEVELOPMENT_TEAM = 4Q582659G6;
				INFOPLIST_FILE = ConfidantUITests/Info.plist;
				LD_RUNPATH_SEARCH_PATHS = "$(inherited) @executable_path/Frameworks @loader_path/Frameworks";
				PRODUCT_BUNDLE_IDENTIFIER = br.com.watermelon.ConfidantUITests;
				PRODUCT_NAME = "$(TARGET_NAME)";
				SWIFT_VERSION = 3.0;
				TEST_TARGET_NAME = Confidant;
			};
			name = Release;
		};
/* End XCBuildConfiguration section */

/* Begin XCConfigurationList section */
		61494DF11E685AB400D4DF13 /* Build configuration list for PBXProject "Confidant" */ = {
			isa = XCConfigurationList;
			buildConfigurations = (
				61494E1C1E685AB400D4DF13 /* Debug */,
				61494E1D1E685AB400D4DF13 /* Release */,
			);
			defaultConfigurationIsVisible = 0;
			defaultConfigurationName = Release;
		};
		61494E1E1E685AB400D4DF13 /* Build configuration list for PBXNativeTarget "Confidant" */ = {
			isa = XCConfigurationList;
			buildConfigurations = (
				61494E1F1E685AB400D4DF13 /* Debug */,
				61494E201E685AB400D4DF13 /* Release */,
			);
			defaultConfigurationIsVisible = 0;
			defaultConfigurationName = Release;
		};
		61494E211E685AB400D4DF13 /* Build configuration list for PBXNativeTarget "ConfidantTests" */ = {
			isa = XCConfigurationList;
			buildConfigurations = (
				61494E221E685AB400D4DF13 /* Debug */,
				61494E231E685AB400D4DF13 /* Release */,
			);
			defaultConfigurationIsVisible = 0;
			defaultConfigurationName = Release;
		};
		61494E241E685AB400D4DF13 /* Build configuration list for PBXNativeTarget "ConfidantUITests" */ = {
			isa = XCConfigurationList;
			buildConfigurations = (
				61494E251E685AB400D4DF13 /* Debug */,
				61494E261E685AB400D4DF13 /* Release */,
			);
			defaultConfigurationIsVisible = 0;
			defaultConfigurationName = Release;
		};
/* End XCConfigurationList section */
	};
	rootObject = 61494DEE1E685AB400D4DF13 /* Project object */;
}
